
Microsoft Visual Studio Solution File, Format Version 12.00
# Visual Studio Version 16
VisualStudioVersion = 16.0.29613.14
MinimumVisualStudioVersion = 10.0.40219.1
<<<<<<< HEAD:Backend/ProVagasNovo/ProVagas.WebApi/ProVagas.WebApi.sln
<<<<<<< HEAD:Backend/ProVagas.sln
Project("{FAE04EC0-301F-11D3-BF4B-00C04F79EFBC}") = "ProVagas", "ProVagas\ProVagas.csproj", "{8EB700D5-56DD-44C1-8515-050CA6A29F10}"
=======
Project("{FAE04EC0-301F-11D3-BF4B-00C04F79EFBC}") = "ProVagas.WebApi", "ProVagas.WebApi\ProVagas.WebApi.csproj", "{B27E9A77-E15A-42F4-8CDE-3B7356DD5A60}"
>>>>>>> fbb80b285682ca3eda397ff93749bf150e1ecdec:Backend/ProVagasNovo/ProVagas.WebApi/ProVagas.WebApi.sln
=======
Project("{FAE04EC0-301F-11D3-BF4B-00C04F79EFBC}") = "ProVagas", "ProVagas\ProVagas.csproj", "{B58D30BF-07C8-41F8-9BF6-B9E214FD845D}"
>>>>>>> 26b5045f7f2dda96ab835f8d54c87288a40ddbdb:Backend/ProVagasNovo/ProVagas/ProVagas.sln
EndProject
Global
	GlobalSection(SolutionConfigurationPlatforms) = preSolution
		Debug|Any CPU = Debug|Any CPU
		Release|Any CPU = Release|Any CPU
	EndGlobalSection
	GlobalSection(ProjectConfigurationPlatforms) = postSolution
<<<<<<< HEAD:Backend/ProVagasNovo/ProVagas.WebApi/ProVagas.WebApi.sln
<<<<<<< HEAD:Backend/ProVagas.sln
		{8EB700D5-56DD-44C1-8515-050CA6A29F10}.Debug|Any CPU.ActiveCfg = Debug|Any CPU
		{8EB700D5-56DD-44C1-8515-050CA6A29F10}.Debug|Any CPU.Build.0 = Debug|Any CPU
		{8EB700D5-56DD-44C1-8515-050CA6A29F10}.Release|Any CPU.ActiveCfg = Release|Any CPU
		{8EB700D5-56DD-44C1-8515-050CA6A29F10}.Release|Any CPU.Build.0 = Release|Any CPU
=======
		{B27E9A77-E15A-42F4-8CDE-3B7356DD5A60}.Debug|Any CPU.ActiveCfg = Debug|Any CPU
		{B27E9A77-E15A-42F4-8CDE-3B7356DD5A60}.Debug|Any CPU.Build.0 = Debug|Any CPU
		{B27E9A77-E15A-42F4-8CDE-3B7356DD5A60}.Release|Any CPU.ActiveCfg = Release|Any CPU
		{B27E9A77-E15A-42F4-8CDE-3B7356DD5A60}.Release|Any CPU.Build.0 = Release|Any CPU
>>>>>>> fbb80b285682ca3eda397ff93749bf150e1ecdec:Backend/ProVagasNovo/ProVagas.WebApi/ProVagas.WebApi.sln
=======
		{B58D30BF-07C8-41F8-9BF6-B9E214FD845D}.Debug|Any CPU.ActiveCfg = Debug|Any CPU
		{B58D30BF-07C8-41F8-9BF6-B9E214FD845D}.Debug|Any CPU.Build.0 = Debug|Any CPU
		{B58D30BF-07C8-41F8-9BF6-B9E214FD845D}.Release|Any CPU.ActiveCfg = Release|Any CPU
		{B58D30BF-07C8-41F8-9BF6-B9E214FD845D}.Release|Any CPU.Build.0 = Release|Any CPU
>>>>>>> 26b5045f7f2dda96ab835f8d54c87288a40ddbdb:Backend/ProVagasNovo/ProVagas/ProVagas.sln
	EndGlobalSection
	GlobalSection(SolutionProperties) = preSolution
		HideSolutionNode = FALSE
	EndGlobalSection
	GlobalSection(ExtensibilityGlobals) = postSolution
<<<<<<< HEAD:Backend/ProVagasNovo/ProVagas.WebApi/ProVagas.WebApi.sln
<<<<<<< HEAD:Backend/ProVagas.sln
		SolutionGuid = {AEEFACE6-998E-4169-B3E5-EFD2C5614558}
=======
		SolutionGuid = {91A3A6F7-82D2-4D63-B465-60C3D6F90BF0}
>>>>>>> fbb80b285682ca3eda397ff93749bf150e1ecdec:Backend/ProVagasNovo/ProVagas.WebApi/ProVagas.WebApi.sln
=======
		SolutionGuid = {319CE17C-7414-45E6-8941-29C1D9304E28}
>>>>>>> 26b5045f7f2dda96ab835f8d54c87288a40ddbdb:Backend/ProVagasNovo/ProVagas/ProVagas.sln
	EndGlobalSection
EndGlobal
