
Microsoft Visual Studio Solution File, Format Version 12.00
# Visual Studio Version 16
VisualStudioVersion = 16.0.29613.14
MinimumVisualStudioVersion = 10.0.40219.1
Project("{FAE04EC0-301F-11D3-BF4B-00C04F79EFBC}") = "ProVagas", "ProVagas\ProVagas.csproj", "{B58D30BF-07C8-41F8-9BF6-B9E214FD845D}"
EndProject
Global
	GlobalSection(SolutionConfigurationPlatforms) = preSolution
		Debug|Any CPU = Debug|Any CPU
		Release|Any CPU = Release|Any CPU
	EndGlobalSection
	GlobalSection(ProjectConfigurationPlatforms) = postSolution
		{B58D30BF-07C8-41F8-9BF6-B9E214FD845D}.Debug|Any CPU.ActiveCfg = Debug|Any CPU
		{B58D30BF-07C8-41F8-9BF6-B9E214FD845D}.Debug|Any CPU.Build.0 = Debug|Any CPU
		{B58D30BF-07C8-41F8-9BF6-B9E214FD845D}.Release|Any CPU.ActiveCfg = Release|Any CPU
		{B58D30BF-07C8-41F8-9BF6-B9E214FD845D}.Release|Any CPU.Build.0 = Release|Any CPU
	EndGlobalSection
	GlobalSection(SolutionProperties) = preSolution
		HideSolutionNode = FALSE
	EndGlobalSection
	GlobalSection(ExtensibilityGlobals) = postSolution
		SolutionGuid = {319CE17C-7414-45E6-8941-29C1D9304E28}
	EndGlobalSection
EndGlobal
